
Microsoft Visual Studio Solution File, Format Version 12.00
# Visual Studio Version 17
VisualStudioVersion = 17.5.33530.505
MinimumVisualStudioVersion = 10.0.40219.1
Project("{FAE04EC0-301F-11D3-BF4B-00C04F79EFBC}") = "problem_21", "problem_21.csproj", "{41B6A597-6EAF-4BA5-9744-4856D7BBA5A9}"
EndProject
Global
	GlobalSection(SolutionConfigurationPlatforms) = preSolution
		Debug|Any CPU = Debug|Any CPU
		Release|Any CPU = Release|Any CPU
	EndGlobalSection
	GlobalSection(ProjectConfigurationPlatforms) = postSolution
		{41B6A597-6EAF-4BA5-9744-4856D7BBA5A9}.Debug|Any CPU.ActiveCfg = Debug|Any CPU
		{41B6A597-6EAF-4BA5-9744-4856D7BBA5A9}.Debug|Any CPU.Build.0 = Debug|Any CPU
		{41B6A597-6EAF-4BA5-9744-4856D7BBA5A9}.Release|Any CPU.ActiveCfg = Release|Any CPU
		{41B6A597-6EAF-4BA5-9744-4856D7BBA5A9}.Release|Any CPU.Build.0 = Release|Any CPU
	EndGlobalSection
	GlobalSection(SolutionProperties) = preSolution
		HideSolutionNode = FALSE
	EndGlobalSection
	GlobalSection(ExtensibilityGlobals) = postSolution
		SolutionGuid = {4A5BBE9E-5C52-4F9B-A169-055688D9F6B8}
	EndGlobalSection
EndGlobal
